
Microsoft Visual Studio Solution File, Format Version 12.00
# Visual Studio 14
VisualStudioVersion = 14.0.23107.0
MinimumVisualStudioVersion = 10.0.40219.1
Project("{2150E333-8FDC-42A3-9474-1A3956D46DE8}") = "chapter02", "chapter02", "{9D9589FE-E0C5-4D19-A7BF-6B8FD6987A17}"
EndProject
Project("{F2A71F9B-5D33-465A-A702-920D77279786}") = "MultiArmBandits", "chapter02\MultiArmBandits\MultiArmBandits.fsproj", "{CCBEA916-2783-47ED-B47C-64E517DAF929}"
EndProject
Project("{2150E333-8FDC-42A3-9474-1A3956D46DE8}") = "chapter03", "chapter03", "{59245A24-C0D4-4863-B0C5-2DDC853250CD}"
EndProject
Project("{F2A71F9B-5D33-465A-A702-920D77279786}") = "Gridworld", "chapter03\Gridworld\Gridworld.fsproj", "{722AC2BC-C468-40B2-B59B-CF2BC87CBACD}"
EndProject
Project("{2150E333-8FDC-42A3-9474-1A3956D46DE8}") = "chapter04", "chapter04", "{BA4F639B-77B9-4D38-9482-FC241DF5C1B2}"
EndProject
Project("{F2A71F9B-5D33-465A-A702-920D77279786}") = "Gridworld", "chapter04\Gridworld\Gridworld.fsproj", "{5D4C9162-C002-4234-BB56-6E86666B4C0F}"
EndProject
Project("{F2A71F9B-5D33-465A-A702-920D77279786}") = "JacksCarRental", "chapter04\JacksCarRental\JacksCarRental.fsproj", "{E0AB9E53-34C6-4DEF-BEFD-923014DEB537}"
EndProject
Project("{F2A71F9B-5D33-465A-A702-920D77279786}") = "GamblersProblem", "chapter04\GamblersProblem\GamblersProblem.fsproj", "{EF0B07A1-325B-4EFB-8A9C-0913765215DF}"
EndProject
Project("{2150E333-8FDC-42A3-9474-1A3956D46DE8}") = "chapter05", "chapter05", "{FE92FD34-49B0-4270-9D4A-83D38E038B86}"
EndProject
Project("{F2A71F9B-5D33-465A-A702-920D77279786}") = "Blackjack", "chapter05\Blackjack\Blackjack.fsproj", "{3BB84CDE-2E82-4B90-AB80-C67B7E6FB1D7}"
EndProject
Project("{F2A71F9B-5D33-465A-A702-920D77279786}") = "SolvingBlackjack", "chapter05\SolvingBlackjack\SolvingBlackjack.fsproj", "{E3348220-2166-4087-93EA-5ADE6C36E93E}"
EndProject
Project("{F2A71F9B-5D33-465A-A702-920D77279786}") = "OffPolicyEstimationOfBlackjackStateValue", "chapter05\OffPolicyEstimationOfBlackjackStateValue\OffPolicyEstimationOfBlackjackStateValue.fsproj", "{D26D546C-BBB6-4530-A1CF-C88301FAB593}"
EndProject
Project("{F2A71F9B-5D33-465A-A702-920D77279786}") = "InfiniteVariance", "chapter05\InfiniteVariance\InfiniteVariance.fsproj", "{CE2C7D03-B47B-4EED-AB7B-873C53AC3A59}"
EndProject
Project("{F2A71F9B-5D33-465A-A702-920D77279786}") = "Racetrack", "chapter05\Racetrack\Racetrack.fsproj", "{BC446069-9953-465C-9BC0-4C38A9DFEC60}"
EndProject
Project("{2150E333-8FDC-42A3-9474-1A3956D46DE8}") = "chapter06", "chapter06", "{2EA1C9D0-2340-462D-9D58-622A5ED24EC0}"
EndProject
Project("{F2A71F9B-5D33-465A-A702-920D77279786}") = "RandomWalk", "chapter06\RandomWalk\RandomWalk.fsproj", "{82DC4D8C-505C-4A6E-AAFD-A31E64E00D34}"
EndProject
Project("{F2A71F9B-5D33-465A-A702-920D77279786}") = "RandomWalkUnderBatchUpdating", "chapter06\RandomWalkUnderBatchUpdating\RandomWalkUnderBatchUpdating.fsproj", "{8070141D-C725-42FC-83CB-0707F407AE54}"
EndProject
Project("{F2A71F9B-5D33-465A-A702-920D77279786}") = "WindyGridworld", "chapter06\WindyGridworld\WindyGridworld.fsproj", "{3DDACB11-1A76-406D-A9DD-DD23D0342A14}"
EndProject
Global
	GlobalSection(SolutionConfigurationPlatforms) = preSolution
		Debug|Any CPU = Debug|Any CPU
		Release|Any CPU = Release|Any CPU
	EndGlobalSection
	GlobalSection(ProjectConfigurationPlatforms) = postSolution
		{CCBEA916-2783-47ED-B47C-64E517DAF929}.Debug|Any CPU.ActiveCfg = Debug|Any CPU
		{CCBEA916-2783-47ED-B47C-64E517DAF929}.Debug|Any CPU.Build.0 = Debug|Any CPU
		{CCBEA916-2783-47ED-B47C-64E517DAF929}.Release|Any CPU.ActiveCfg = Release|Any CPU
		{CCBEA916-2783-47ED-B47C-64E517DAF929}.Release|Any CPU.Build.0 = Release|Any CPU
		{722AC2BC-C468-40B2-B59B-CF2BC87CBACD}.Debug|Any CPU.ActiveCfg = Debug|Any CPU
		{722AC2BC-C468-40B2-B59B-CF2BC87CBACD}.Debug|Any CPU.Build.0 = Debug|Any CPU
		{722AC2BC-C468-40B2-B59B-CF2BC87CBACD}.Release|Any CPU.ActiveCfg = Release|Any CPU
		{722AC2BC-C468-40B2-B59B-CF2BC87CBACD}.Release|Any CPU.Build.0 = Release|Any CPU
		{5D4C9162-C002-4234-BB56-6E86666B4C0F}.Debug|Any CPU.ActiveCfg = Debug|Any CPU
		{5D4C9162-C002-4234-BB56-6E86666B4C0F}.Debug|Any CPU.Build.0 = Debug|Any CPU
		{5D4C9162-C002-4234-BB56-6E86666B4C0F}.Release|Any CPU.ActiveCfg = Release|Any CPU
		{5D4C9162-C002-4234-BB56-6E86666B4C0F}.Release|Any CPU.Build.0 = Release|Any CPU
		{E0AB9E53-34C6-4DEF-BEFD-923014DEB537}.Debug|Any CPU.ActiveCfg = Debug|Any CPU
		{E0AB9E53-34C6-4DEF-BEFD-923014DEB537}.Debug|Any CPU.Build.0 = Debug|Any CPU
		{E0AB9E53-34C6-4DEF-BEFD-923014DEB537}.Release|Any CPU.ActiveCfg = Release|Any CPU
		{E0AB9E53-34C6-4DEF-BEFD-923014DEB537}.Release|Any CPU.Build.0 = Release|Any CPU
		{EF0B07A1-325B-4EFB-8A9C-0913765215DF}.Debug|Any CPU.ActiveCfg = Debug|Any CPU
		{EF0B07A1-325B-4EFB-8A9C-0913765215DF}.Debug|Any CPU.Build.0 = Debug|Any CPU
		{EF0B07A1-325B-4EFB-8A9C-0913765215DF}.Release|Any CPU.ActiveCfg = Release|Any CPU
		{EF0B07A1-325B-4EFB-8A9C-0913765215DF}.Release|Any CPU.Build.0 = Release|Any CPU
		{3BB84CDE-2E82-4B90-AB80-C67B7E6FB1D7}.Debug|Any CPU.ActiveCfg = Debug|Any CPU
		{3BB84CDE-2E82-4B90-AB80-C67B7E6FB1D7}.Debug|Any CPU.Build.0 = Debug|Any CPU
		{3BB84CDE-2E82-4B90-AB80-C67B7E6FB1D7}.Release|Any CPU.ActiveCfg = Release|Any CPU
		{3BB84CDE-2E82-4B90-AB80-C67B7E6FB1D7}.Release|Any CPU.Build.0 = Release|Any CPU
		{E3348220-2166-4087-93EA-5ADE6C36E93E}.Debug|Any CPU.ActiveCfg = Debug|Any CPU
		{E3348220-2166-4087-93EA-5ADE6C36E93E}.Debug|Any CPU.Build.0 = Debug|Any CPU
		{E3348220-2166-4087-93EA-5ADE6C36E93E}.Release|Any CPU.ActiveCfg = Release|Any CPU
		{E3348220-2166-4087-93EA-5ADE6C36E93E}.Release|Any CPU.Build.0 = Release|Any CPU
		{D26D546C-BBB6-4530-A1CF-C88301FAB593}.Debug|Any CPU.ActiveCfg = Debug|Any CPU
		{D26D546C-BBB6-4530-A1CF-C88301FAB593}.Debug|Any CPU.Build.0 = Debug|Any CPU
		{D26D546C-BBB6-4530-A1CF-C88301FAB593}.Release|Any CPU.ActiveCfg = Release|Any CPU
		{D26D546C-BBB6-4530-A1CF-C88301FAB593}.Release|Any CPU.Build.0 = Release|Any CPU
		{CE2C7D03-B47B-4EED-AB7B-873C53AC3A59}.Debug|Any CPU.ActiveCfg = Debug|Any CPU
		{CE2C7D03-B47B-4EED-AB7B-873C53AC3A59}.Debug|Any CPU.Build.0 = Debug|Any CPU
		{CE2C7D03-B47B-4EED-AB7B-873C53AC3A59}.Release|Any CPU.ActiveCfg = Release|Any CPU
		{CE2C7D03-B47B-4EED-AB7B-873C53AC3A59}.Release|Any CPU.Build.0 = Release|Any CPU
		{BC446069-9953-465C-9BC0-4C38A9DFEC60}.Debug|Any CPU.ActiveCfg = Debug|Any CPU
		{BC446069-9953-465C-9BC0-4C38A9DFEC60}.Debug|Any CPU.Build.0 = Debug|Any CPU
		{BC446069-9953-465C-9BC0-4C38A9DFEC60}.Release|Any CPU.ActiveCfg = Release|Any CPU
		{BC446069-9953-465C-9BC0-4C38A9DFEC60}.Release|Any CPU.Build.0 = Release|Any CPU
		{82DC4D8C-505C-4A6E-AAFD-A31E64E00D34}.Debug|Any CPU.ActiveCfg = Debug|Any CPU
		{82DC4D8C-505C-4A6E-AAFD-A31E64E00D34}.Debug|Any CPU.Build.0 = Debug|Any CPU
		{82DC4D8C-505C-4A6E-AAFD-A31E64E00D34}.Release|Any CPU.ActiveCfg = Release|Any CPU
		{82DC4D8C-505C-4A6E-AAFD-A31E64E00D34}.Release|Any CPU.Build.0 = Release|Any CPU
		{8070141D-C725-42FC-83CB-0707F407AE54}.Debug|Any CPU.ActiveCfg = Debug|Any CPU
		{8070141D-C725-42FC-83CB-0707F407AE54}.Debug|Any CPU.Build.0 = Debug|Any CPU
		{8070141D-C725-42FC-83CB-0707F407AE54}.Release|Any CPU.ActiveCfg = Release|Any CPU
		{8070141D-C725-42FC-83CB-0707F407AE54}.Release|Any CPU.Build.0 = Release|Any CPU
		{3DDACB11-1A76-406D-A9DD-DD23D0342A14}.Debug|Any CPU.ActiveCfg = Debug|Any CPU
		{3DDACB11-1A76-406D-A9DD-DD23D0342A14}.Debug|Any CPU.Build.0 = Debug|Any CPU
		{3DDACB11-1A76-406D-A9DD-DD23D0342A14}.Release|Any CPU.ActiveCfg = Release|Any CPU
		{3DDACB11-1A76-406D-A9DD-DD23D0342A14}.Release|Any CPU.Build.0 = Release|Any CPU
	EndGlobalSection
	GlobalSection(SolutionProperties) = preSolution
		HideSolutionNode = FALSE
	EndGlobalSection
	GlobalSection(NestedProjects) = preSolution
		{CCBEA916-2783-47ED-B47C-64E517DAF929} = {9D9589FE-E0C5-4D19-A7BF-6B8FD6987A17}
		{722AC2BC-C468-40B2-B59B-CF2BC87CBACD} = {59245A24-C0D4-4863-B0C5-2DDC853250CD}
		{5D4C9162-C002-4234-BB56-6E86666B4C0F} = {BA4F639B-77B9-4D38-9482-FC241DF5C1B2}
		{E0AB9E53-34C6-4DEF-BEFD-923014DEB537} = {BA4F639B-77B9-4D38-9482-FC241DF5C1B2}
		{EF0B07A1-325B-4EFB-8A9C-0913765215DF} = {BA4F639B-77B9-4D38-9482-FC241DF5C1B2}
		{3BB84CDE-2E82-4B90-AB80-C67B7E6FB1D7} = {FE92FD34-49B0-4270-9D4A-83D38E038B86}
		{E3348220-2166-4087-93EA-5ADE6C36E93E} = {FE92FD34-49B0-4270-9D4A-83D38E038B86}
		{D26D546C-BBB6-4530-A1CF-C88301FAB593} = {FE92FD34-49B0-4270-9D4A-83D38E038B86}
		{CE2C7D03-B47B-4EED-AB7B-873C53AC3A59} = {FE92FD34-49B0-4270-9D4A-83D38E038B86}
		{BC446069-9953-465C-9BC0-4C38A9DFEC60} = {FE92FD34-49B0-4270-9D4A-83D38E038B86}
		{82DC4D8C-505C-4A6E-AAFD-A31E64E00D34} = {2EA1C9D0-2340-462D-9D58-622A5ED24EC0}
		{8070141D-C725-42FC-83CB-0707F407AE54} = {2EA1C9D0-2340-462D-9D58-622A5ED24EC0}
		{3DDACB11-1A76-406D-A9DD-DD23D0342A14} = {2EA1C9D0-2340-462D-9D58-622A5ED24EC0}
	EndGlobalSection
EndGlobal
