
Microsoft Visual Studio Solution File, Format Version 12.00
# Visual Studio 2013
VisualStudioVersion = 12.0.31101.0
MinimumVisualStudioVersion = 10.0.40219.1
Project("{2150E333-8FDC-42A3-9474-1A3956D46DE8}") = "chapter02", "chapter02", "{39A2CF29-FB5D-41BF-83BE-30D809FF262C}"
EndProject
Project("{F2A71F9B-5D33-465A-A702-920D77279786}") = "MultiArmBandits", "chapter02\MultiArmBandits\MultiArmBandits.fsproj", "{4670CAB4-F6C0-4F36-894A-9B87AC8685AF}"
EndProject
Project("{2150E333-8FDC-42A3-9474-1A3956D46DE8}") = "chapter03", "chapter03", "{1A53CEAC-E0A7-4D06-8A8D-328ACC2DCDEC}"
EndProject
Project("{F2A71F9B-5D33-465A-A702-920D77279786}") = "Gridworld", "chapter03\Gridworld\Gridworld.fsproj", "{248BD1B0-E2AB-4D03-8AEF-1C86AFFF3C16}"
EndProject
Project("{2150E333-8FDC-42A3-9474-1A3956D46DE8}") = "chapter04", "chapter04", "{C7500817-6CFF-498B-8D7F-6CF9FD3B4B31}"
EndProject
Project("{F2A71F9B-5D33-465A-A702-920D77279786}") = "Gridworld", "chapter04\Gridworld\Gridworld.fsproj", "{CE0A0C3A-ACD4-4256-B224-EBD04F4C365E}"
EndProject
Project("{F2A71F9B-5D33-465A-A702-920D77279786}") = "JacksCarRental", "chapter04\JacksCarRental\JacksCarRental.fsproj", "{5152F79E-F4AF-45AC-BE1D-D69618BC0AB2}"
EndProject
Project("{F2A71F9B-5D33-465A-A702-920D77279786}") = "GamblersProblem", "chapter04\GamblersProblem\GamblersProblem.fsproj", "{DCE93998-F17A-416F-B7B7-5DEEA533F0A1}"
EndProject
Global
	GlobalSection(SolutionConfigurationPlatforms) = preSolution
		Debug|Any CPU = Debug|Any CPU
		Release|Any CPU = Release|Any CPU
	EndGlobalSection
	GlobalSection(ProjectConfigurationPlatforms) = postSolution
		{4670CAB4-F6C0-4F36-894A-9B87AC8685AF}.Debug|Any CPU.ActiveCfg = Debug|Any CPU
		{4670CAB4-F6C0-4F36-894A-9B87AC8685AF}.Debug|Any CPU.Build.0 = Debug|Any CPU
		{4670CAB4-F6C0-4F36-894A-9B87AC8685AF}.Release|Any CPU.ActiveCfg = Release|Any CPU
		{4670CAB4-F6C0-4F36-894A-9B87AC8685AF}.Release|Any CPU.Build.0 = Release|Any CPU
		{248BD1B0-E2AB-4D03-8AEF-1C86AFFF3C16}.Debug|Any CPU.ActiveCfg = Debug|Any CPU
		{248BD1B0-E2AB-4D03-8AEF-1C86AFFF3C16}.Debug|Any CPU.Build.0 = Debug|Any CPU
		{248BD1B0-E2AB-4D03-8AEF-1C86AFFF3C16}.Release|Any CPU.ActiveCfg = Release|Any CPU
		{248BD1B0-E2AB-4D03-8AEF-1C86AFFF3C16}.Release|Any CPU.Build.0 = Release|Any CPU
		{CE0A0C3A-ACD4-4256-B224-EBD04F4C365E}.Debug|Any CPU.ActiveCfg = Debug|Any CPU
		{CE0A0C3A-ACD4-4256-B224-EBD04F4C365E}.Debug|Any CPU.Build.0 = Debug|Any CPU
		{CE0A0C3A-ACD4-4256-B224-EBD04F4C365E}.Release|Any CPU.ActiveCfg = Release|Any CPU
		{CE0A0C3A-ACD4-4256-B224-EBD04F4C365E}.Release|Any CPU.Build.0 = Release|Any CPU
		{5152F79E-F4AF-45AC-BE1D-D69618BC0AB2}.Debug|Any CPU.ActiveCfg = Debug|Any CPU
		{5152F79E-F4AF-45AC-BE1D-D69618BC0AB2}.Debug|Any CPU.Build.0 = Debug|Any CPU
		{5152F79E-F4AF-45AC-BE1D-D69618BC0AB2}.Release|Any CPU.ActiveCfg = Release|Any CPU
		{5152F79E-F4AF-45AC-BE1D-D69618BC0AB2}.Release|Any CPU.Build.0 = Release|Any CPU
		{DCE93998-F17A-416F-B7B7-5DEEA533F0A1}.Debug|Any CPU.ActiveCfg = Debug|Any CPU
		{DCE93998-F17A-416F-B7B7-5DEEA533F0A1}.Debug|Any CPU.Build.0 = Debug|Any CPU
		{DCE93998-F17A-416F-B7B7-5DEEA533F0A1}.Release|Any CPU.ActiveCfg = Release|Any CPU
		{DCE93998-F17A-416F-B7B7-5DEEA533F0A1}.Release|Any CPU.Build.0 = Release|Any CPU
	EndGlobalSection
	GlobalSection(SolutionProperties) = preSolution
		HideSolutionNode = FALSE
	EndGlobalSection
	GlobalSection(NestedProjects) = preSolution
		{4670CAB4-F6C0-4F36-894A-9B87AC8685AF} = {39A2CF29-FB5D-41BF-83BE-30D809FF262C}
		{248BD1B0-E2AB-4D03-8AEF-1C86AFFF3C16} = {1A53CEAC-E0A7-4D06-8A8D-328ACC2DCDEC}
		{CE0A0C3A-ACD4-4256-B224-EBD04F4C365E} = {C7500817-6CFF-498B-8D7F-6CF9FD3B4B31}
		{5152F79E-F4AF-45AC-BE1D-D69618BC0AB2} = {C7500817-6CFF-498B-8D7F-6CF9FD3B4B31}
		{DCE93998-F17A-416F-B7B7-5DEEA533F0A1} = {C7500817-6CFF-498B-8D7F-6CF9FD3B4B31}
	EndGlobalSection
EndGlobal
